// !$*UTF8*$!
{
	archiveVersion = 1;
	classes = {
	};
	objectVersion = 50;
	objects = {

/* Begin PBXBuildFile section */
		38B2C8C32190C26B008483CA /* AppDelegate.swift in Sources */ = {isa = PBXBuildFile; fileRef = 38B2C8B52190C26B008483CA /* AppDelegate.swift */; };
		38B2C8C42190C26B008483CA /* FlowBViewController.swift in Sources */ = {isa = PBXBuildFile; fileRef = 38B2C8B72190C26B008483CA /* FlowBViewController.swift */; };
		38B2C8C52190C26B008483CA /* FlowB.storyboard in Resources */ = {isa = PBXBuildFile; fileRef = 38B2C8B82190C26B008483CA /* FlowB.storyboard */; };
		38B2C8C62190C26B008483CA /* FlowBFlowController.swift in Sources */ = {isa = PBXBuildFile; fileRef = 38B2C8B92190C26B008483CA /* FlowBFlowController.swift */; };
		38B2C8C72190C26B008483CA /* StartupViewController.swift in Sources */ = {isa = PBXBuildFile; fileRef = 38B2C8BB2190C26B008483CA /* StartupViewController.swift */; };
		38B2C8C82190C26B008483CA /* Startup.storyboard in Resources */ = {isa = PBXBuildFile; fileRef = 38B2C8BC2190C26B008483CA /* Startup.storyboard */; };
		38B2C8C92190C26B008483CA /* StartupFlowController.swift in Sources */ = {isa = PBXBuildFile; fileRef = 38B2C8BD2190C26B008483CA /* StartupFlowController.swift */; };
		38B2C8CB2190C26B008483CA /* FlowAViewController.swift in Sources */ = {isa = PBXBuildFile; fileRef = 38B2C8C02190C26B008483CA /* FlowAViewController.swift */; };
		38B2C8CC2190C26B008483CA /* FlowAFlowController.swift in Sources */ = {isa = PBXBuildFile; fileRef = 38B2C8C12190C26B008483CA /* FlowAFlowController.swift */; };
		38B2C8CD2190C26B008483CA /* FlowA.storyboard in Resources */ = {isa = PBXBuildFile; fileRef = 38B2C8C22190C26B008483CA /* FlowA.storyboard */; };
		38B2C8D52190E609008483CA /* Imperio.framework in Frameworks */ = {isa = PBXBuildFile; fileRef = 38B2C8D42190E609008483CA /* Imperio.framework */; };
		38B2C8D62190E636008483CA /* Imperio.framework in CopyFiles */ = {isa = PBXBuildFile; fileRef = 38B2C8D42190E609008483CA /* Imperio.framework */; settings = {ATTRIBUTES = (CodeSignOnCopy, RemoveHeadersOnCopy, ); }; };
		8205609B217DE85000E23A81 /* Assets.xcassets in Resources */ = {isa = PBXBuildFile; fileRef = 8205609A217DE85000E23A81 /* Assets.xcassets */; };
		8205609E217DE85000E23A81 /* LaunchScreen.storyboard in Resources */ = {isa = PBXBuildFile; fileRef = 8205609C217DE85000E23A81 /* LaunchScreen.storyboard */; };
		821F373B21CBF5ED00A0FA94 /* Portus.framework in Frameworks */ = {isa = PBXBuildFile; fileRef = 821F373A21CBF5ED00A0FA94 /* Portus.framework */; };
		821F374021CC051200A0FA94 /* Globals.swift in Sources */ = {isa = PBXBuildFile; fileRef = 821F373F21CC051200A0FA94 /* Globals.swift */; };
		82EA969521A3195600EC7EAC /* RoutingTable.swift in Sources */ = {isa = PBXBuildFile; fileRef = 82EA969421A3195600EC7EAC /* RoutingTable.swift */; };
/* End PBXBuildFile section */

/* Begin PBXCopyFilesBuildPhase section */
		38C18057218EDD00009591B0 /* CopyFiles */ = {
			isa = PBXCopyFilesBuildPhase;
			buildActionMask = 2147483647;
			dstPath = "";
			dstSubfolderSpec = 10;
			files = (
				38B2C8D62190E636008483CA /* Imperio.framework in CopyFiles */,
			);
			runOnlyForDeploymentPostprocessing = 0;
		};
/* End PBXCopyFilesBuildPhase section */

/* Begin PBXFileReference section */
		38B2C8B52190C26B008483CA /* AppDelegate.swift */ = {isa = PBXFileReference; fileEncoding = 4; lastKnownFileType = sourcecode.swift; path = AppDelegate.swift; sourceTree = "<group>"; };
		38B2C8B72190C26B008483CA /* FlowBViewController.swift */ = {isa = PBXFileReference; fileEncoding = 4; lastKnownFileType = sourcecode.swift; path = FlowBViewController.swift; sourceTree = "<group>"; };
		38B2C8B82190C26B008483CA /* FlowB.storyboard */ = {isa = PBXFileReference; fileEncoding = 4; lastKnownFileType = file.storyboard; path = FlowB.storyboard; sourceTree = "<group>"; };
		38B2C8B92190C26B008483CA /* FlowBFlowController.swift */ = {isa = PBXFileReference; fileEncoding = 4; lastKnownFileType = sourcecode.swift; path = FlowBFlowController.swift; sourceTree = "<group>"; };
		38B2C8BB2190C26B008483CA /* StartupViewController.swift */ = {isa = PBXFileReference; fileEncoding = 4; lastKnownFileType = sourcecode.swift; path = StartupViewController.swift; sourceTree = "<group>"; };
		38B2C8BC2190C26B008483CA /* Startup.storyboard */ = {isa = PBXFileReference; fileEncoding = 4; lastKnownFileType = file.storyboard; path = Startup.storyboard; sourceTree = "<group>"; };
		38B2C8BD2190C26B008483CA /* StartupFlowController.swift */ = {isa = PBXFileReference; fileEncoding = 4; lastKnownFileType = sourcecode.swift; path = StartupFlowController.swift; sourceTree = "<group>"; };
		38B2C8C02190C26B008483CA /* FlowAViewController.swift */ = {isa = PBXFileReference; fileEncoding = 4; lastKnownFileType = sourcecode.swift; path = FlowAViewController.swift; sourceTree = "<group>"; };
		38B2C8C12190C26B008483CA /* FlowAFlowController.swift */ = {isa = PBXFileReference; fileEncoding = 4; lastKnownFileType = sourcecode.swift; path = FlowAFlowController.swift; sourceTree = "<group>"; };
		38B2C8C22190C26B008483CA /* FlowA.storyboard */ = {isa = PBXFileReference; fileEncoding = 4; lastKnownFileType = file.storyboard; path = FlowA.storyboard; sourceTree = "<group>"; };
		38B2C8D42190E609008483CA /* Imperio.framework */ = {isa = PBXFileReference; lastKnownFileType = wrapper.framework; name = Imperio.framework; path = Carthage/Build/iOS/Imperio.framework; sourceTree = "<group>"; };
		82056090217DE85000E23A81 /* Portus iOS-Demo.app */ = {isa = PBXFileReference; explicitFileType = wrapper.application; includeInIndex = 0; path = "Portus iOS-Demo.app"; sourceTree = BUILT_PRODUCTS_DIR; };
		8205609A217DE85000E23A81 /* Assets.xcassets */ = {isa = PBXFileReference; lastKnownFileType = folder.assetcatalog; path = Assets.xcassets; sourceTree = "<group>"; };
		8205609D217DE85000E23A81 /* Base */ = {isa = PBXFileReference; lastKnownFileType = file.storyboard; name = Base; path = Base.lproj/LaunchScreen.storyboard; sourceTree = "<group>"; };
		8205609F217DE85000E23A81 /* Info.plist */ = {isa = PBXFileReference; lastKnownFileType = text.plist.xml; path = Info.plist; sourceTree = "<group>"; };
		821F373A21CBF5ED00A0FA94 /* Portus.framework */ = {isa = PBXFileReference; explicitFileType = wrapper.framework; path = Portus.framework; sourceTree = BUILT_PRODUCTS_DIR; };
		821F373F21CC051200A0FA94 /* Globals.swift */ = {isa = PBXFileReference; lastKnownFileType = sourcecode.swift; path = Globals.swift; sourceTree = "<group>"; };
		82EA969421A3195600EC7EAC /* RoutingTable.swift */ = {isa = PBXFileReference; lastKnownFileType = sourcecode.swift; path = RoutingTable.swift; sourceTree = "<group>"; };
/* End PBXFileReference section */

/* Begin PBXFrameworksBuildPhase section */
		8205608D217DE85000E23A81 /* Frameworks */ = {
			isa = PBXFrameworksBuildPhase;
			buildActionMask = 2147483647;
			files = (
				821F373B21CBF5ED00A0FA94 /* Portus.framework in Frameworks */,
				38B2C8D52190E609008483CA /* Imperio.framework in Frameworks */,
			);
			runOnlyForDeploymentPostprocessing = 0;
		};
/* End PBXFrameworksBuildPhase section */

/* Begin PBXGroup section */
		38B2C8B62190C26B008483CA /* FlowB */ = {
			isa = PBXGroup;
			children = (
				38B2C8B72190C26B008483CA /* FlowBViewController.swift */,
				38B2C8B92190C26B008483CA /* FlowBFlowController.swift */,
				38B2C8B82190C26B008483CA /* FlowB.storyboard */,
			);
			path = FlowB;
			sourceTree = "<group>";
		};
		38B2C8BA2190C26B008483CA /* Startup */ = {
			isa = PBXGroup;
			children = (
				38B2C8BD2190C26B008483CA /* StartupFlowController.swift */,
				38B2C8BB2190C26B008483CA /* StartupViewController.swift */,
				38B2C8BC2190C26B008483CA /* Startup.storyboard */,
			);
			path = Startup;
			sourceTree = "<group>";
		};
		38B2C8BF2190C26B008483CA /* FlowA */ = {
			isa = PBXGroup;
			children = (
				38B2C8C02190C26B008483CA /* FlowAViewController.swift */,
				38B2C8C12190C26B008483CA /* FlowAFlowController.swift */,
				38B2C8C22190C26B008483CA /* FlowA.storyboard */,
			);
			path = FlowA;
			sourceTree = "<group>";
		};
		82056087217DE85000E23A81 = {
			isa = PBXGroup;
			children = (
				82056092217DE85000E23A81 /* Portus iOS-Demo */,
				82056091217DE85000E23A81 /* Products */,
				820560A5217DE88200E23A81 /* Frameworks */,
			);
			sourceTree = "<group>";
		};
		82056091217DE85000E23A81 /* Products */ = {
			isa = PBXGroup;
			children = (
				82056090217DE85000E23A81 /* Portus iOS-Demo.app */,
			);
			name = Products;
			sourceTree = "<group>";
		};
		82056092217DE85000E23A81 /* Portus iOS-Demo */ = {
			isa = PBXGroup;
			children = (
				38B2C8B52190C26B008483CA /* AppDelegate.swift */,
				82EA969421A3195600EC7EAC /* RoutingTable.swift */,
				821F373F21CC051200A0FA94 /* Globals.swift */,
				38B2C8BF2190C26B008483CA /* FlowA */,
				38B2C8B62190C26B008483CA /* FlowB */,
				38B2C8BA2190C26B008483CA /* Startup */,
				8205609A217DE85000E23A81 /* Assets.xcassets */,
				8205609C217DE85000E23A81 /* LaunchScreen.storyboard */,
				8205609F217DE85000E23A81 /* Info.plist */,
			);
			path = "Portus iOS-Demo";
			sourceTree = "<group>";
		};
		820560A5217DE88200E23A81 /* Frameworks */ = {
			isa = PBXGroup;
			children = (
				821F373A21CBF5ED00A0FA94 /* Portus.framework */,
				38B2C8D42190E609008483CA /* Imperio.framework */,
			);
			name = Frameworks;
			sourceTree = "<group>";
		};
/* End PBXGroup section */

/* Begin PBXNativeTarget section */
		8205608F217DE85000E23A81 /* Portus iOS-Demo */ = {
			isa = PBXNativeTarget;
			buildConfigurationList = 820560A2217DE85000E23A81 /* Build configuration list for PBXNativeTarget "Portus iOS-Demo" */;
			buildPhases = (
				8205608C217DE85000E23A81 /* Sources */,
				8205608D217DE85000E23A81 /* Frameworks */,
				8205608E217DE85000E23A81 /* Resources */,
				38C18057218EDD00009591B0 /* CopyFiles */,
				82EA969121A3174800EC7EAC /* Carthage */,
			);
			buildRules = (
			);
			dependencies = (
			);
			name = "Portus iOS-Demo";
			productName = "Portus iOS-Demo";
			productReference = 82056090217DE85000E23A81 /* Portus iOS-Demo.app */;
			productType = "com.apple.product-type.application";
		};
/* End PBXNativeTarget section */

/* Begin PBXProject section */
		82056088217DE85000E23A81 /* Project object */ = {
			isa = PBXProject;
			attributes = {
				LastSwiftUpdateCheck = 1000;
				LastUpgradeCheck = 1000;
				ORGANIZATIONNAME = "Jamit Labs";
				TargetAttributes = {
					8205608F217DE85000E23A81 = {
						CreatedOnToolsVersion = 10.0;
						LastSwiftMigration = 1010;
					};
				};
			};
			buildConfigurationList = 8205608B217DE85000E23A81 /* Build configuration list for PBXProject "Portus iOS-Demo" */;
			compatibilityVersion = "Xcode 9.3";
			developmentRegion = en;
			hasScannedForEncodings = 0;
			knownRegions = (
				en,
				Base,
			);
			mainGroup = 82056087217DE85000E23A81;
			productRefGroup = 82056091217DE85000E23A81 /* Products */;
			projectDirPath = "";
			projectRoot = "";
			targets = (
				8205608F217DE85000E23A81 /* Portus iOS-Demo */,
			);
		};
/* End PBXProject section */

/* Begin PBXResourcesBuildPhase section */
		8205608E217DE85000E23A81 /* Resources */ = {
			isa = PBXResourcesBuildPhase;
			buildActionMask = 2147483647;
			files = (
				38B2C8C82190C26B008483CA /* Startup.storyboard in Resources */,
				8205609E217DE85000E23A81 /* LaunchScreen.storyboard in Resources */,
				8205609B217DE85000E23A81 /* Assets.xcassets in Resources */,
				38B2C8CD2190C26B008483CA /* FlowA.storyboard in Resources */,
				38B2C8C52190C26B008483CA /* FlowB.storyboard in Resources */,
			);
			runOnlyForDeploymentPostprocessing = 0;
		};
/* End PBXResourcesBuildPhase section */

/* Begin PBXShellScriptBuildPhase section */
		82EA969121A3174800EC7EAC /* Carthage */ = {
			isa = PBXShellScriptBuildPhase;
			buildActionMask = 2147483647;
			files = (
			);
			inputFileListPaths = (
			);
			inputPaths = (
				"$(SRCROOT)/Carthage/Build/iOS/Imperio.framework",
			);
			name = Carthage;
			outputFileListPaths = (
			);
			outputPaths = (
			);
			runOnlyForDeploymentPostprocessing = 0;
			shellPath = /bin/sh;
			shellScript = "/usr/local/bin/carthage copy-frameworks\n";
		};
/* End PBXShellScriptBuildPhase section */

/* Begin PBXSourcesBuildPhase section */
		8205608C217DE85000E23A81 /* Sources */ = {
			isa = PBXSourcesBuildPhase;
			buildActionMask = 2147483647;
			files = (
				38B2C8CB2190C26B008483CA /* FlowAViewController.swift in Sources */,
				38B2C8C92190C26B008483CA /* StartupFlowController.swift in Sources */,
				38B2C8C72190C26B008483CA /* StartupViewController.swift in Sources */,
				38B2C8C32190C26B008483CA /* AppDelegate.swift in Sources */,
				82EA969521A3195600EC7EAC /* RoutingTable.swift in Sources */,
				38B2C8CC2190C26B008483CA /* FlowAFlowController.swift in Sources */,
				38B2C8C62190C26B008483CA /* FlowBFlowController.swift in Sources */,
				38B2C8C42190C26B008483CA /* FlowBViewController.swift in Sources */,
				821F374021CC051200A0FA94 /* Globals.swift in Sources */,
			);
			runOnlyForDeploymentPostprocessing = 0;
		};
/* End PBXSourcesBuildPhase section */

/* Begin PBXVariantGroup section */
		8205609C217DE85000E23A81 /* LaunchScreen.storyboard */ = {
			isa = PBXVariantGroup;
			children = (
				8205609D217DE85000E23A81 /* Base */,
			);
			name = LaunchScreen.storyboard;
			sourceTree = "<group>";
		};
/* End PBXVariantGroup section */

/* Begin XCBuildConfiguration section */
		820560A0217DE85000E23A81 /* Debug */ = {
			isa = XCBuildConfiguration;
			buildSettings = {
				ALWAYS_SEARCH_USER_PATHS = NO;
				CLANG_ANALYZER_NONNULL = YES;
				CLANG_ANALYZER_NUMBER_OBJECT_CONVERSION = YES_AGGRESSIVE;
				CLANG_CXX_LANGUAGE_STANDARD = "gnu++14";
				CLANG_CXX_LIBRARY = "libc++";
				CLANG_ENABLE_MODULES = YES;
				CLANG_ENABLE_OBJC_ARC = YES;
				CLANG_ENABLE_OBJC_WEAK = YES;
				CLANG_WARN_BLOCK_CAPTURE_AUTORELEASING = YES;
				CLANG_WARN_BOOL_CONVERSION = YES;
				CLANG_WARN_COMMA = YES;
				CLANG_WARN_CONSTANT_CONVERSION = YES;
				CLANG_WARN_DEPRECATED_OBJC_IMPLEMENTATIONS = YES;
				CLANG_WARN_DIRECT_OBJC_ISA_USAGE = YES_ERROR;
				CLANG_WARN_DOCUMENTATION_COMMENTS = YES;
				CLANG_WARN_EMPTY_BODY = YES;
				CLANG_WARN_ENUM_CONVERSION = YES;
				CLANG_WARN_INFINITE_RECURSION = YES;
				CLANG_WARN_INT_CONVERSION = YES;
				CLANG_WARN_NON_LITERAL_NULL_CONVERSION = YES;
				CLANG_WARN_OBJC_IMPLICIT_RETAIN_SELF = YES;
				CLANG_WARN_OBJC_LITERAL_CONVERSION = YES;
				CLANG_WARN_OBJC_ROOT_CLASS = YES_ERROR;
				CLANG_WARN_RANGE_LOOP_ANALYSIS = YES;
				CLANG_WARN_STRICT_PROTOTYPES = YES;
				CLANG_WARN_SUSPICIOUS_MOVE = YES;
				CLANG_WARN_UNGUARDED_AVAILABILITY = YES_AGGRESSIVE;
				CLANG_WARN_UNREACHABLE_CODE = YES;
				CLANG_WARN__DUPLICATE_METHOD_MATCH = YES;
				CODE_SIGN_IDENTITY = "iPhone Developer";
				COPY_PHASE_STRIP = NO;
				DEBUG_INFORMATION_FORMAT = dwarf;
				ENABLE_STRICT_OBJC_MSGSEND = YES;
				ENABLE_TESTABILITY = YES;
				GCC_C_LANGUAGE_STANDARD = gnu11;
				GCC_DYNAMIC_NO_PIC = NO;
				GCC_NO_COMMON_BLOCKS = YES;
				GCC_OPTIMIZATION_LEVEL = 0;
				GCC_PREPROCESSOR_DEFINITIONS = (
					"DEBUG=1",
					"$(inherited)",
				);
				GCC_WARN_64_TO_32_BIT_CONVERSION = YES;
				GCC_WARN_ABOUT_RETURN_TYPE = YES_ERROR;
				GCC_WARN_UNDECLARED_SELECTOR = YES;
				GCC_WARN_UNINITIALIZED_AUTOS = YES_AGGRESSIVE;
				GCC_WARN_UNUSED_FUNCTION = YES;
				GCC_WARN_UNUSED_VARIABLE = YES;
				IPHONEOS_DEPLOYMENT_TARGET = 12.0;
				MTL_ENABLE_DEBUG_INFO = INCLUDE_SOURCE;
				MTL_FAST_MATH = YES;
				ONLY_ACTIVE_ARCH = YES;
				SDKROOT = iphoneos;
				SWIFT_ACTIVE_COMPILATION_CONDITIONS = DEBUG;
				SWIFT_OPTIMIZATION_LEVEL = "-Onone";
			};
			name = Debug;
		};
		820560A1217DE85000E23A81 /* Release */ = {
			isa = XCBuildConfiguration;
			buildSettings = {
				ALWAYS_SEARCH_USER_PATHS = NO;
				CLANG_ANALYZER_NONNULL = YES;
				CLANG_ANALYZER_NUMBER_OBJECT_CONVERSION = YES_AGGRESSIVE;
				CLANG_CXX_LANGUAGE_STANDARD = "gnu++14";
				CLANG_CXX_LIBRARY = "libc++";
				CLANG_ENABLE_MODULES = YES;
				CLANG_ENABLE_OBJC_ARC = YES;
				CLANG_ENABLE_OBJC_WEAK = YES;
				CLANG_WARN_BLOCK_CAPTURE_AUTORELEASING = YES;
				CLANG_WARN_BOOL_CONVERSION = YES;
				CLANG_WARN_COMMA = YES;
				CLANG_WARN_CONSTANT_CONVERSION = YES;
				CLANG_WARN_DEPRECATED_OBJC_IMPLEMENTATIONS = YES;
				CLANG_WARN_DIRECT_OBJC_ISA_USAGE = YES_ERROR;
				CLANG_WARN_DOCUMENTATION_COMMENTS = YES;
				CLANG_WARN_EMPTY_BODY = YES;
				CLANG_WARN_ENUM_CONVERSION = YES;
				CLANG_WARN_INFINITE_RECURSION = YES;
				CLANG_WARN_INT_CONVERSION = YES;
				CLANG_WARN_NON_LITERAL_NULL_CONVERSION = YES;
				CLANG_WARN_OBJC_IMPLICIT_RETAIN_SELF = YES;
				CLANG_WARN_OBJC_LITERAL_CONVERSION = YES;
				CLANG_WARN_OBJC_ROOT_CLASS = YES_ERROR;
				CLANG_WARN_RANGE_LOOP_ANALYSIS = YES;
				CLANG_WARN_STRICT_PROTOTYPES = YES;
				CLANG_WARN_SUSPICIOUS_MOVE = YES;
				CLANG_WARN_UNGUARDED_AVAILABILITY = YES_AGGRESSIVE;
				CLANG_WARN_UNREACHABLE_CODE = YES;
				CLANG_WARN__DUPLICATE_METHOD_MATCH = YES;
				CODE_SIGN_IDENTITY = "iPhone Developer";
				COPY_PHASE_STRIP = NO;
				DEBUG_INFORMATION_FORMAT = "dwarf-with-dsym";
				ENABLE_NS_ASSERTIONS = NO;
				ENABLE_STRICT_OBJC_MSGSEND = YES;
				GCC_C_LANGUAGE_STANDARD = gnu11;
				GCC_NO_COMMON_BLOCKS = YES;
				GCC_WARN_64_TO_32_BIT_CONVERSION = YES;
				GCC_WARN_ABOUT_RETURN_TYPE = YES_ERROR;
				GCC_WARN_UNDECLARED_SELECTOR = YES;
				GCC_WARN_UNINITIALIZED_AUTOS = YES_AGGRESSIVE;
				GCC_WARN_UNUSED_FUNCTION = YES;
				GCC_WARN_UNUSED_VARIABLE = YES;
				IPHONEOS_DEPLOYMENT_TARGET = 12.0;
				MTL_ENABLE_DEBUG_INFO = NO;
				MTL_FAST_MATH = YES;
				SDKROOT = iphoneos;
				SWIFT_COMPILATION_MODE = wholemodule;
				SWIFT_OPTIMIZATION_LEVEL = "-O";
				VALIDATE_PRODUCT = YES;
			};
			name = Release;
		};
		820560A3217DE85000E23A81 /* Debug */ = {
			isa = XCBuildConfiguration;
			buildSettings = {
				ASSETCATALOG_COMPILER_APPICON_NAME = AppIcon;
				CLANG_ENABLE_MODULES = YES;
				CODE_SIGN_STYLE = Automatic;
				DEVELOPMENT_TEAM = DB7EUU9D79;
				FRAMEWORK_SEARCH_PATHS = (
					"$(inherited)",
					"$(PROJECT_DIR)/Carthage/Build/iOS",
				);
				INFOPLIST_FILE = "Portus iOS-Demo/Info.plist";
				LD_RUNPATH_SEARCH_PATHS = (
					"$(inherited)",
					"@executable_path/Frameworks",
				);
				PRODUCT_BUNDLE_IDENTIFIER = "com.jamitlabs.Portus-iOS-Demo";
				PRODUCT_NAME = "$(TARGET_NAME)";
				SWIFT_OPTIMIZATION_LEVEL = "-Onone";
				SWIFT_VERSION = 4.2;
				TARGETED_DEVICE_FAMILY = "1,2";
			};
			name = Debug;
		};
		820560A4217DE85000E23A81 /* Release */ = {
			isa = XCBuildConfiguration;
			buildSettings = {
				ASSETCATALOG_COMPILER_APPICON_NAME = AppIcon;
				CLANG_ENABLE_MODULES = YES;
				CODE_SIGN_STYLE = Automatic;
				DEVELOPMENT_TEAM = DB7EUU9D79;
				FRAMEWORK_SEARCH_PATHS = (
					"$(inherited)",
					"$(PROJECT_DIR)/Carthage/Build/iOS",
				);
				INFOPLIST_FILE = "Portus iOS-Demo/Info.plist";
				LD_RUNPATH_SEARCH_PATHS = (
					"$(inherited)",
					"@executable_path/Frameworks",
				);
				PRODUCT_BUNDLE_IDENTIFIER = "com.jamitlabs.Portus-iOS-Demo";
				PRODUCT_NAME = "$(TARGET_NAME)";
				SWIFT_VERSION = 4.2;
				TARGETED_DEVICE_FAMILY = "1,2";
			};
			name = Release;
		};
/* End XCBuildConfiguration section */

/* Begin XCConfigurationList section */
		8205608B217DE85000E23A81 /* Build configuration list for PBXProject "Portus iOS-Demo" */ = {
			isa = XCConfigurationList;
			buildConfigurations = (
				820560A0217DE85000E23A81 /* Debug */,
				820560A1217DE85000E23A81 /* Release */,
			);
			defaultConfigurationIsVisible = 0;
			defaultConfigurationName = Release;
		};
		820560A2217DE85000E23A81 /* Build configuration list for PBXNativeTarget "Portus iOS-Demo" */ = {
			isa = XCConfigurationList;
			buildConfigurations = (
				820560A3217DE85000E23A81 /* Debug */,
				820560A4217DE85000E23A81 /* Release */,
			);
			defaultConfigurationIsVisible = 0;
			defaultConfigurationName = Release;
		};
/* End XCConfigurationList section */
	};
	rootObject = 82056088217DE85000E23A81 /* Project object */;
}
