// !$*UTF8*$!
{
	archiveVersion = 1;
	classes = {
	};
	objectVersion = 48;
	objects = {

/* Begin PBXBuildFile section */
		3802E83B2233DCC400BB27A0 /* RoutingInstruction.swift in Sources */ = {isa = PBXBuildFile; fileRef = 3802E83A2233DCC400BB27A0 /* RoutingInstruction.swift */; };
		3802E83E2233DD4F00BB27A0 /* RoutingInstruction.swift in Sources */ = {isa = PBXBuildFile; fileRef = 3802E83A2233DCC400BB27A0 /* RoutingInstruction.swift */; };
		3813E3AA225BBE74004C87F5 /* Leavable.swift in Sources */ = {isa = PBXBuildFile; fileRef = 3821A44B2257C90D00BDE28A /* Leavable.swift */; };
		3813E3AB225BBE77004C87F5 /* Enterable.swift in Sources */ = {isa = PBXBuildFile; fileRef = 3821A44D2257C91800BDE28A /* Enterable.swift */; };
		3813E3AC225BBE7A004C87F5 /* Switchable.swift in Sources */ = {isa = PBXBuildFile; fileRef = 3821A44F2257C92C00BDE28A /* Switchable.swift */; };
		3813E3AD225BBE7E004C87F5 /* CollectionExtension.swift in Sources */ = {isa = PBXBuildFile; fileRef = 3892B936225A197500D3BDAA /* CollectionExtension.swift */; };
		3821A44C2257C90D00BDE28A /* Leavable.swift in Sources */ = {isa = PBXBuildFile; fileRef = 3821A44B2257C90D00BDE28A /* Leavable.swift */; };
		3821A44E2257C91800BDE28A /* Enterable.swift in Sources */ = {isa = PBXBuildFile; fileRef = 3821A44D2257C91800BDE28A /* Enterable.swift */; };
		3821A4502257C92C00BDE28A /* Switchable.swift in Sources */ = {isa = PBXBuildFile; fileRef = 3821A44F2257C92C00BDE28A /* Switchable.swift */; };
		382F893A2268C1D900B9DCE3 /* RoutingError.swift in Sources */ = {isa = PBXBuildFile; fileRef = 382F89392268C1D900B9DCE3 /* RoutingError.swift */; };
		382F893B2268C1E700B9DCE3 /* RoutingError.swift in Sources */ = {isa = PBXBuildFile; fileRef = 382F89392268C1D900B9DCE3 /* RoutingError.swift */; };
		384205512268DEF900098402 /* RoutingInstructions.swift in Sources */ = {isa = PBXBuildFile; fileRef = 384205502268DEF900098402 /* RoutingInstructions.swift */; };
		384205522268F23700098402 /* RoutingInstructions.swift in Sources */ = {isa = PBXBuildFile; fileRef = 384205502268DEF900098402 /* RoutingInstructions.swift */; };
		3854EA5A22341B0000BB9A0C /* RoutingIdentifier.swift in Sources */ = {isa = PBXBuildFile; fileRef = 3854EA5922341B0000BB9A0C /* RoutingIdentifier.swift */; };
		3854EA5E22341B3500BB9A0C /* RoutingContext.swift in Sources */ = {isa = PBXBuildFile; fileRef = 3854EA5D22341B3500BB9A0C /* RoutingContext.swift */; };
		3854EA5F22341B3A00BB9A0C /* RoutingContext.swift in Sources */ = {isa = PBXBuildFile; fileRef = 3854EA5D22341B3500BB9A0C /* RoutingContext.swift */; };
		3854EA6022341B4100BB9A0C /* RoutingIdentifier.swift in Sources */ = {isa = PBXBuildFile; fileRef = 3854EA5922341B0000BB9A0C /* RoutingIdentifier.swift */; };
		3854EA6322341B5F00BB9A0C /* RoutingDestination.swift in Sources */ = {isa = PBXBuildFile; fileRef = 3854EA6222341B5F00BB9A0C /* RoutingDestination.swift */; };
		3854EA6622342EF300BB9A0C /* RoutingEntry.swift in Sources */ = {isa = PBXBuildFile; fileRef = 3854EA6522342EF300BB9A0C /* RoutingEntry.swift */; };
		3854EA6722342EFF00BB9A0C /* RoutingEntry.swift in Sources */ = {isa = PBXBuildFile; fileRef = 3854EA6522342EF300BB9A0C /* RoutingEntry.swift */; };
		3854EA682234366600BB9A0C /* RoutingDestination.swift in Sources */ = {isa = PBXBuildFile; fileRef = 3854EA6222341B5F00BB9A0C /* RoutingDestination.swift */; };
		3870E6EB2230421E00BB5796 /* RoutingAlgorithm.swift in Sources */ = {isa = PBXBuildFile; fileRef = 3870E6EA2230421E00BB5796 /* RoutingAlgorithm.swift */; };
		3870E6EC22304BBF00BB5796 /* RoutingAlgorithm.swift in Sources */ = {isa = PBXBuildFile; fileRef = 3870E6EA2230421E00BB5796 /* RoutingAlgorithm.swift */; };
		387D3436226A2262005C36DE /* RoutingTable.swift in Sources */ = {isa = PBXBuildFile; fileRef = 387D3435226A2262005C36DE /* RoutingTable.swift */; };
		387D3437226A22F9005C36DE /* RoutingTable.swift in Sources */ = {isa = PBXBuildFile; fileRef = 387D3435226A2262005C36DE /* RoutingTable.swift */; };
		38917041223587E600E65114 /* RoutingNode.swift in Sources */ = {isa = PBXBuildFile; fileRef = 38C017EC22357F2A000F8B31 /* RoutingNode.swift */; };
		3892B937225A197500D3BDAA /* CollectionExtension.swift in Sources */ = {isa = PBXBuildFile; fileRef = 3892B936225A197500D3BDAA /* CollectionExtension.swift */; };
		38ABA21D223527AE0007C133 /* ArrayExtension.swift in Sources */ = {isa = PBXBuildFile; fileRef = 38ABA21C223527AE0007C133 /* ArrayExtension.swift */; };
		38ABA21F223528780007C133 /* ArrayExtension.swift in Sources */ = {isa = PBXBuildFile; fileRef = 38ABA21C223527AE0007C133 /* ArrayExtension.swift */; };
		38C017ED22357F2A000F8B31 /* RoutingNode.swift in Sources */ = {isa = PBXBuildFile; fileRef = 38C017EC22357F2A000F8B31 /* RoutingNode.swift */; };
		82622BF721CB9BB000DC9C70 /* Routable.swift in Sources */ = {isa = PBXBuildFile; fileRef = 82622BF621CB9BB000DC9C70 /* Routable.swift */; };
		82622BF821CB9BB000DC9C70 /* Routable.swift in Sources */ = {isa = PBXBuildFile; fileRef = 82622BF621CB9BB000DC9C70 /* Routable.swift */; };
		82622C0421CB9C2500DC9C70 /* RoutingTree.swift in Sources */ = {isa = PBXBuildFile; fileRef = 82622C0321CB9C2500DC9C70 /* RoutingTree.swift */; };
		82622C0521CB9C2500DC9C70 /* RoutingTree.swift in Sources */ = {isa = PBXBuildFile; fileRef = 82622C0321CB9C2500DC9C70 /* RoutingTree.swift */; };
		82622C0721CB9C3B00DC9C70 /* Router.swift in Sources */ = {isa = PBXBuildFile; fileRef = 82622C0621CB9C3B00DC9C70 /* Router.swift */; };
		82622C0821CB9C3B00DC9C70 /* Router.swift in Sources */ = {isa = PBXBuildFile; fileRef = 82622C0621CB9C3B00DC9C70 /* Router.swift */; };
		82EA967A21A308D200EC7EAC /* PortusTests.swift in Sources */ = {isa = PBXBuildFile; fileRef = 82EA967921A308D200EC7EAC /* PortusTests.swift */; };
		82EA967C21A308D200EC7EAC /* PortusTests.swift in Sources */ = {isa = PBXBuildFile; fileRef = 82EA967921A308D200EC7EAC /* PortusTests.swift */; };
		A102BD481F02355A000C6B38 /* Portus.framework in Frameworks */ = {isa = PBXBuildFile; fileRef = A102BD3E1F02355A000C6B38 /* Portus.framework */; };
		A102BD821F023582000C6B38 /* Portus.framework in Frameworks */ = {isa = PBXBuildFile; fileRef = A102BD791F023582000C6B38 /* Portus.framework */; };
		A102BDFF1F023E32000C6B38 /* Portus.h in Headers */ = {isa = PBXBuildFile; fileRef = A102BDFE1F023E13000C6B38 /* Portus.h */; settings = {ATTRIBUTES = (Public, ); }; };
		A102BE011F023E33000C6B38 /* Portus.h in Headers */ = {isa = PBXBuildFile; fileRef = A102BDFE1F023E13000C6B38 /* Portus.h */; settings = {ATTRIBUTES = (Public, ); }; };
/* End PBXBuildFile section */

/* Begin PBXContainerItemProxy section */
		A102BD491F02355A000C6B38 /* PBXContainerItemProxy */ = {
			isa = PBXContainerItemProxy;
			containerPortal = A102BD351F02355A000C6B38 /* Project object */;
			proxyType = 1;
			remoteGlobalIDString = A102BD3D1F02355A000C6B38;
			remoteInfo = Portus;
		};
		A102BD831F023582000C6B38 /* PBXContainerItemProxy */ = {
			isa = PBXContainerItemProxy;
			containerPortal = A102BD351F02355A000C6B38 /* Project object */;
			proxyType = 1;
			remoteGlobalIDString = A102BD781F023582000C6B38;
			remoteInfo = "Portus tvOS";
		};
/* End PBXContainerItemProxy section */

/* Begin PBXFileReference section */
		000E616F2086425500C0638C /* README.md */ = {isa = PBXFileReference; lastKnownFileType = net.daringfireball.markdown; path = README.md; sourceTree = "<group>"; };
		0085926E2046FD1B00AB529F /* beak.swift */ = {isa = PBXFileReference; lastKnownFileType = sourcecode.swift; path = beak.swift; sourceTree = "<group>"; };
		3802E83A2233DCC400BB27A0 /* RoutingInstruction.swift */ = {isa = PBXFileReference; lastKnownFileType = sourcecode.swift; path = RoutingInstruction.swift; sourceTree = "<group>"; };
		3821A44B2257C90D00BDE28A /* Leavable.swift */ = {isa = PBXFileReference; lastKnownFileType = sourcecode.swift; path = Leavable.swift; sourceTree = "<group>"; };
		3821A44D2257C91800BDE28A /* Enterable.swift */ = {isa = PBXFileReference; lastKnownFileType = sourcecode.swift; path = Enterable.swift; sourceTree = "<group>"; };
		3821A44F2257C92C00BDE28A /* Switchable.swift */ = {isa = PBXFileReference; lastKnownFileType = sourcecode.swift; path = Switchable.swift; sourceTree = "<group>"; };
		382F89392268C1D900B9DCE3 /* RoutingError.swift */ = {isa = PBXFileReference; lastKnownFileType = sourcecode.swift; path = RoutingError.swift; sourceTree = "<group>"; };
		384205502268DEF900098402 /* RoutingInstructions.swift */ = {isa = PBXFileReference; lastKnownFileType = sourcecode.swift; path = RoutingInstructions.swift; sourceTree = "<group>"; };
		3854EA5922341B0000BB9A0C /* RoutingIdentifier.swift */ = {isa = PBXFileReference; lastKnownFileType = sourcecode.swift; path = RoutingIdentifier.swift; sourceTree = "<group>"; };
		3854EA5D22341B3500BB9A0C /* RoutingContext.swift */ = {isa = PBXFileReference; lastKnownFileType = sourcecode.swift; path = RoutingContext.swift; sourceTree = "<group>"; };
		3854EA6222341B5F00BB9A0C /* RoutingDestination.swift */ = {isa = PBXFileReference; lastKnownFileType = sourcecode.swift; path = RoutingDestination.swift; sourceTree = "<group>"; };
		3854EA6522342EF300BB9A0C /* RoutingEntry.swift */ = {isa = PBXFileReference; lastKnownFileType = sourcecode.swift; path = RoutingEntry.swift; sourceTree = "<group>"; };
		3870E6EA2230421E00BB5796 /* RoutingAlgorithm.swift */ = {isa = PBXFileReference; lastKnownFileType = sourcecode.swift; path = RoutingAlgorithm.swift; sourceTree = "<group>"; };
		387D3435226A2262005C36DE /* RoutingTable.swift */ = {isa = PBXFileReference; lastKnownFileType = sourcecode.swift; path = RoutingTable.swift; sourceTree = "<group>"; };
		3892B936225A197500D3BDAA /* CollectionExtension.swift */ = {isa = PBXFileReference; lastKnownFileType = sourcecode.swift; path = CollectionExtension.swift; sourceTree = "<group>"; };
		38ABA21C223527AE0007C133 /* ArrayExtension.swift */ = {isa = PBXFileReference; lastKnownFileType = sourcecode.swift; path = ArrayExtension.swift; sourceTree = "<group>"; };
		38C017EC22357F2A000F8B31 /* RoutingNode.swift */ = {isa = PBXFileReference; lastKnownFileType = sourcecode.swift; path = RoutingNode.swift; sourceTree = "<group>"; };
		82056067217DD00800E23A81 /* .projlint.yml */ = {isa = PBXFileReference; lastKnownFileType = text; path = .projlint.yml; sourceTree = "<group>"; };
		820560A8217DE8FE00E23A81 /* CONTRIBUTING.md */ = {isa = PBXFileReference; lastKnownFileType = net.daringfireball.markdown; path = CONTRIBUTING.md; sourceTree = "<group>"; };
		820560A9217DE90D00E23A81 /* CODE_OF_CONDUCT.md */ = {isa = PBXFileReference; lastKnownFileType = net.daringfireball.markdown; path = CODE_OF_CONDUCT.md; sourceTree = "<group>"; };
		820560AC217DE94F00E23A81 /* CHANGELOG.md */ = {isa = PBXFileReference; lastKnownFileType = net.daringfireball.markdown; path = CHANGELOG.md; sourceTree = "<group>"; };
		82622BF621CB9BB000DC9C70 /* Routable.swift */ = {isa = PBXFileReference; lastKnownFileType = sourcecode.swift; path = Routable.swift; sourceTree = "<group>"; };
		82622C0321CB9C2500DC9C70 /* RoutingTree.swift */ = {isa = PBXFileReference; lastKnownFileType = sourcecode.swift; path = RoutingTree.swift; sourceTree = "<group>"; };
		82622C0621CB9C3B00DC9C70 /* Router.swift */ = {isa = PBXFileReference; lastKnownFileType = sourcecode.swift; path = Router.swift; sourceTree = "<group>"; };
		82EA967921A308D200EC7EAC /* PortusTests.swift */ = {isa = PBXFileReference; lastKnownFileType = sourcecode.swift; path = PortusTests.swift; sourceTree = "<group>"; };
		A102BD3E1F02355A000C6B38 /* Portus.framework */ = {isa = PBXFileReference; explicitFileType = wrapper.framework; includeInIndex = 0; path = Portus.framework; sourceTree = BUILT_PRODUCTS_DIR; };
		A102BD471F02355A000C6B38 /* Portus-iOS-Tests.xctest */ = {isa = PBXFileReference; explicitFileType = wrapper.cfbundle; includeInIndex = 0; path = "Portus-iOS-Tests.xctest"; sourceTree = BUILT_PRODUCTS_DIR; };
		A102BD791F023582000C6B38 /* Portus.framework */ = {isa = PBXFileReference; explicitFileType = wrapper.framework; includeInIndex = 0; path = Portus.framework; sourceTree = BUILT_PRODUCTS_DIR; };
		A102BD811F023582000C6B38 /* Portus-tvOS-Tests.xctest */ = {isa = PBXFileReference; explicitFileType = wrapper.cfbundle; includeInIndex = 0; path = "Portus-tvOS-Tests.xctest"; sourceTree = BUILT_PRODUCTS_DIR; };
		A102BDA31F02387A000C6B38 /* Info.plist */ = {isa = PBXFileReference; lastKnownFileType = text.plist.xml; path = Info.plist; sourceTree = "<group>"; };
		A102BDB21F0238BD000C6B38 /* Info.plist */ = {isa = PBXFileReference; lastKnownFileType = text.plist.xml; path = Info.plist; sourceTree = "<group>"; };
		A102BDD51F023CAA000C6B38 /* .swiftlint.yml */ = {isa = PBXFileReference; lastKnownFileType = text; path = .swiftlint.yml; sourceTree = "<group>"; };
		A102BDFE1F023E13000C6B38 /* Portus.h */ = {isa = PBXFileReference; lastKnownFileType = sourcecode.c.h; path = Portus.h; sourceTree = "<group>"; };
		A15AD1201F0240C9004D7ED3 /* Portus.podspec */ = {isa = PBXFileReference; lastKnownFileType = text; path = Portus.podspec; sourceTree = "<group>"; };
		A15AD1211F02447E004D7ED3 /* Package.swift */ = {isa = PBXFileReference; lastKnownFileType = sourcecode.swift; path = Package.swift; sourceTree = "<group>"; };
		A15AD1241F0262D1004D7ED3 /* LICENSE */ = {isa = PBXFileReference; lastKnownFileType = text; path = LICENSE; sourceTree = "<group>"; };
/* End PBXFileReference section */

/* Begin PBXFrameworksBuildPhase section */
		A102BD3A1F02355A000C6B38 /* Frameworks */ = {
			isa = PBXFrameworksBuildPhase;
			buildActionMask = 2147483647;
			files = (
			);
			runOnlyForDeploymentPostprocessing = 0;
		};
		A102BD441F02355A000C6B38 /* Frameworks */ = {
			isa = PBXFrameworksBuildPhase;
			buildActionMask = 2147483647;
			files = (
				A102BD481F02355A000C6B38 /* Portus.framework in Frameworks */,
			);
			runOnlyForDeploymentPostprocessing = 0;
		};
		A102BD751F023582000C6B38 /* Frameworks */ = {
			isa = PBXFrameworksBuildPhase;
			buildActionMask = 2147483647;
			files = (
			);
			runOnlyForDeploymentPostprocessing = 0;
		};
		A102BD7E1F023582000C6B38 /* Frameworks */ = {
			isa = PBXFrameworksBuildPhase;
			buildActionMask = 2147483647;
			files = (
				A102BD821F023582000C6B38 /* Portus.framework in Frameworks */,
			);
			runOnlyForDeploymentPostprocessing = 0;
		};
/* End PBXFrameworksBuildPhase section */

/* Begin PBXGroup section */
		38ABA21E223528130007C133 /* Extensions */ = {
			isa = PBXGroup;
			children = (
				38ABA21C223527AE0007C133 /* ArrayExtension.swift */,
				3892B936225A197500D3BDAA /* CollectionExtension.swift */,
			);
			path = Extensions;
			sourceTree = "<group>";
		};
		38C017EA2235435B000F8B31 /* Protocols */ = {
			isa = PBXGroup;
			children = (
				82622BF621CB9BB000DC9C70 /* Routable.swift */,
				3821A44D2257C91800BDE28A /* Enterable.swift */,
				3821A44B2257C90D00BDE28A /* Leavable.swift */,
				3821A44F2257C92C00BDE28A /* Switchable.swift */,
			);
			path = Protocols;
			sourceTree = "<group>";
		};
		38C017EB22354391000F8B31 /* Data */ = {
			isa = PBXGroup;
			children = (
				38C017EC22357F2A000F8B31 /* RoutingNode.swift */,
				382F89392268C1D900B9DCE3 /* RoutingError.swift */,
				3854EA6222341B5F00BB9A0C /* RoutingDestination.swift */,
				3854EA6522342EF300BB9A0C /* RoutingEntry.swift */,
				3854EA5922341B0000BB9A0C /* RoutingIdentifier.swift */,
				3854EA5D22341B3500BB9A0C /* RoutingContext.swift */,
				3802E83A2233DCC400BB27A0 /* RoutingInstruction.swift */,
				384205502268DEF900098402 /* RoutingInstructions.swift */,
			);
			path = Data;
			sourceTree = "<group>";
		};
		A102BD341F02355A000C6B38 = {
			isa = PBXGroup;
			children = (
				A102BD9D1F02387A000C6B38 /* Frameworks */,
				A102BDAE1F0238BD000C6B38 /* Tests */,
				A102BDB61F023A6D000C6B38 /* RootFiles */,
				A102BD3F1F02355A000C6B38 /* Products */,
			);
			sourceTree = "<group>";
		};
		A102BD3F1F02355A000C6B38 /* Products */ = {
			isa = PBXGroup;
			children = (
				A102BD3E1F02355A000C6B38 /* Portus.framework */,
				A102BD471F02355A000C6B38 /* Portus-iOS-Tests.xctest */,
				A102BD791F023582000C6B38 /* Portus.framework */,
				A102BD811F023582000C6B38 /* Portus-tvOS-Tests.xctest */,
			);
			name = Products;
			sourceTree = "<group>";
		};
		A102BD9D1F02387A000C6B38 /* Frameworks */ = {
			isa = PBXGroup;
			children = (
				A102BDA01F02387A000C6B38 /* Portus */,
				A102BDA21F02387A000C6B38 /* SupportingFiles */,
			);
			path = Frameworks;
			sourceTree = "<group>";
		};
		A102BDA01F02387A000C6B38 /* Portus */ = {
			isa = PBXGroup;
			children = (
				82622C0621CB9C3B00DC9C70 /* Router.swift */,
				387D3435226A2262005C36DE /* RoutingTable.swift */,
				3870E6EA2230421E00BB5796 /* RoutingAlgorithm.swift */,
				82622C0321CB9C2500DC9C70 /* RoutingTree.swift */,
				38C017EA2235435B000F8B31 /* Protocols */,
				38C017EB22354391000F8B31 /* Data */,
				38ABA21E223528130007C133 /* Extensions */,
			);
			path = Portus;
			sourceTree = "<group>";
		};
		A102BDA21F02387A000C6B38 /* SupportingFiles */ = {
			isa = PBXGroup;
			children = (
				A102BDA31F02387A000C6B38 /* Info.plist */,
				A102BDFE1F023E13000C6B38 /* Portus.h */,
			);
			path = SupportingFiles;
			sourceTree = "<group>";
		};
		A102BDAE1F0238BD000C6B38 /* Tests */ = {
			isa = PBXGroup;
			children = (
				A102BDAF1F0238BD000C6B38 /* PortusTests */,
				A102BDB11F0238BD000C6B38 /* SupportingFiles */,
			);
			path = Tests;
			sourceTree = "<group>";
		};
		A102BDAF1F0238BD000C6B38 /* PortusTests */ = {
			isa = PBXGroup;
			children = (
				82EA967921A308D200EC7EAC /* PortusTests.swift */,
			);
			path = PortusTests;
			sourceTree = "<group>";
		};
		A102BDB11F0238BD000C6B38 /* SupportingFiles */ = {
			isa = PBXGroup;
			children = (
				A102BDB21F0238BD000C6B38 /* Info.plist */,
			);
			path = SupportingFiles;
			sourceTree = "<group>";
		};
		A102BDB61F023A6D000C6B38 /* RootFiles */ = {
			isa = PBXGroup;
			children = (
				82056067217DD00800E23A81 /* .projlint.yml */,
				A102BDD51F023CAA000C6B38 /* .swiftlint.yml */,
				0085926E2046FD1B00AB529F /* beak.swift */,
				820560AC217DE94F00E23A81 /* CHANGELOG.md */,
				820560A9217DE90D00E23A81 /* CODE_OF_CONDUCT.md */,
				820560A8217DE8FE00E23A81 /* CONTRIBUTING.md */,
				A15AD1241F0262D1004D7ED3 /* LICENSE */,
				A15AD1211F02447E004D7ED3 /* Package.swift */,
				A15AD1201F0240C9004D7ED3 /* Portus.podspec */,
				000E616F2086425500C0638C /* README.md */,
			);
			name = RootFiles;
			sourceTree = "<group>";
		};
/* End PBXGroup section */

/* Begin PBXHeadersBuildPhase section */
		A102BD3B1F02355A000C6B38 /* Headers */ = {
			isa = PBXHeadersBuildPhase;
			buildActionMask = 2147483647;
			files = (
				A102BDFF1F023E32000C6B38 /* Portus.h in Headers */,
			);
			runOnlyForDeploymentPostprocessing = 0;
		};
		A102BD761F023582000C6B38 /* Headers */ = {
			isa = PBXHeadersBuildPhase;
			buildActionMask = 2147483647;
			files = (
				A102BE011F023E33000C6B38 /* Portus.h in Headers */,
			);
			runOnlyForDeploymentPostprocessing = 0;
		};
/* End PBXHeadersBuildPhase section */

/* Begin PBXNativeTarget section */
		A102BD3D1F02355A000C6B38 /* Portus iOS */ = {
			isa = PBXNativeTarget;
			buildConfigurationList = A102BD521F02355A000C6B38 /* Build configuration list for PBXNativeTarget "Portus iOS" */;
			buildPhases = (
				A102BD391F02355A000C6B38 /* Sources */,
				A102BD3A1F02355A000C6B38 /* Frameworks */,
				A102BD3B1F02355A000C6B38 /* Headers */,
				A102BD3C1F02355A000C6B38 /* Resources */,
				A102BDD61F023D4A000C6B38 /* SwiftLint */,
			);
			buildRules = (
			);
			dependencies = (
			);
			name = "Portus iOS";
			productName = Portus;
			productReference = A102BD3E1F02355A000C6B38 /* Portus.framework */;
			productType = "com.apple.product-type.framework";
		};
		A102BD461F02355A000C6B38 /* Portus iOS Tests */ = {
			isa = PBXNativeTarget;
			buildConfigurationList = A102BD551F02355A000C6B38 /* Build configuration list for PBXNativeTarget "Portus iOS Tests" */;
			buildPhases = (
				A102BD431F02355A000C6B38 /* Sources */,
				A102BD441F02355A000C6B38 /* Frameworks */,
				A102BD451F02355A000C6B38 /* Resources */,
			);
			buildRules = (
			);
			dependencies = (
				A102BD4A1F02355A000C6B38 /* PBXTargetDependency */,
			);
			name = "Portus iOS Tests";
			productName = PortusTests;
			productReference = A102BD471F02355A000C6B38 /* Portus-iOS-Tests.xctest */;
			productType = "com.apple.product-type.bundle.unit-test";
		};
		A102BD781F023582000C6B38 /* Portus tvOS */ = {
			isa = PBXNativeTarget;
			buildConfigurationList = A102BD8A1F023582000C6B38 /* Build configuration list for PBXNativeTarget "Portus tvOS" */;
			buildPhases = (
				A102BD741F023582000C6B38 /* Sources */,
				A102BD751F023582000C6B38 /* Frameworks */,
				A102BD761F023582000C6B38 /* Headers */,
				A102BD771F023582000C6B38 /* Resources */,
				A102BDD81F023D6C000C6B38 /* SwiftLint */,
			);
			buildRules = (
			);
			dependencies = (
			);
			name = "Portus tvOS";
			productName = "Portus tvOS";
			productReference = A102BD791F023582000C6B38 /* Portus.framework */;
			productType = "com.apple.product-type.framework";
		};
		A102BD801F023582000C6B38 /* Portus tvOS Tests */ = {
			isa = PBXNativeTarget;
			buildConfigurationList = A102BD8D1F023582000C6B38 /* Build configuration list for PBXNativeTarget "Portus tvOS Tests" */;
			buildPhases = (
				A102BD7D1F023582000C6B38 /* Sources */,
				A102BD7E1F023582000C6B38 /* Frameworks */,
				A102BD7F1F023582000C6B38 /* Resources */,
			);
			buildRules = (
			);
			dependencies = (
				A102BD841F023582000C6B38 /* PBXTargetDependency */,
			);
			name = "Portus tvOS Tests";
			productName = "Portus tvOSTests";
			productReference = A102BD811F023582000C6B38 /* Portus-tvOS-Tests.xctest */;
			productType = "com.apple.product-type.bundle.unit-test";
		};
/* End PBXNativeTarget section */

/* Begin PBXProject section */
		A102BD351F02355A000C6B38 /* Project object */ = {
			isa = PBXProject;
			attributes = {
				LastSwiftUpdateCheck = 1000;
				LastUpgradeCheck = 1020;
				ORGANIZATIONNAME = "Jamit Labs";
				TargetAttributes = {
					A102BD3D1F02355A000C6B38 = {
						CreatedOnToolsVersion = 9.0;
						LastSwiftMigration = 1020;
						ProvisioningStyle = Automatic;
					};
					A102BD461F02355A000C6B38 = {
						CreatedOnToolsVersion = 9.0;
						LastSwiftMigration = 1000;
						ProvisioningStyle = Manual;
					};
					A102BD781F023582000C6B38 = {
						CreatedOnToolsVersion = 9.0;
						LastSwiftMigration = 1010;
						ProvisioningStyle = Automatic;
					};
					A102BD801F023582000C6B38 = {
						CreatedOnToolsVersion = 9.0;
					};
				};
			};
			buildConfigurationList = A102BD381F02355A000C6B38 /* Build configuration list for PBXProject "Portus" */;
			compatibilityVersion = "Xcode 8.0";
			developmentRegion = en;
			hasScannedForEncodings = 0;
			knownRegions = (
				en,
				Base,
			);
			mainGroup = A102BD341F02355A000C6B38;
			productRefGroup = A102BD3F1F02355A000C6B38 /* Products */;
			projectDirPath = "";
			projectRoot = "";
			targets = (
				A102BD3D1F02355A000C6B38 /* Portus iOS */,
				A102BD461F02355A000C6B38 /* Portus iOS Tests */,
				A102BD781F023582000C6B38 /* Portus tvOS */,
				A102BD801F023582000C6B38 /* Portus tvOS Tests */,
			);
		};
/* End PBXProject section */

/* Begin PBXResourcesBuildPhase section */
		A102BD3C1F02355A000C6B38 /* Resources */ = {
			isa = PBXResourcesBuildPhase;
			buildActionMask = 2147483647;
			files = (
			);
			runOnlyForDeploymentPostprocessing = 0;
		};
		A102BD451F02355A000C6B38 /* Resources */ = {
			isa = PBXResourcesBuildPhase;
			buildActionMask = 2147483647;
			files = (
			);
			runOnlyForDeploymentPostprocessing = 0;
		};
		A102BD771F023582000C6B38 /* Resources */ = {
			isa = PBXResourcesBuildPhase;
			buildActionMask = 2147483647;
			files = (
			);
			runOnlyForDeploymentPostprocessing = 0;
		};
		A102BD7F1F023582000C6B38 /* Resources */ = {
			isa = PBXResourcesBuildPhase;
			buildActionMask = 2147483647;
			files = (
			);
			runOnlyForDeploymentPostprocessing = 0;
		};
/* End PBXResourcesBuildPhase section */

/* Begin PBXShellScriptBuildPhase section */
		A102BDD61F023D4A000C6B38 /* SwiftLint */ = {
			isa = PBXShellScriptBuildPhase;
			buildActionMask = 2147483647;
			files = (
			);
			inputPaths = (
			);
			name = SwiftLint;
			outputPaths = (
			);
			runOnlyForDeploymentPostprocessing = 0;
			shellPath = /bin/sh;
			shellScript = "if [ \"${CONFIGURATION}\" = \"Debug\" ]; then\n    if which swiftlint > /dev/null; then\n        swiftlint --quiet\n    else\n        echo \"warning: SwiftLint not installed, download it from https://github.com/realm/SwiftLint\"\n    fi\nfi\n";
		};
		A102BDD81F023D6C000C6B38 /* SwiftLint */ = {
			isa = PBXShellScriptBuildPhase;
			buildActionMask = 2147483647;
			files = (
			);
			inputPaths = (
			);
			name = SwiftLint;
			outputPaths = (
			);
			runOnlyForDeploymentPostprocessing = 0;
			shellPath = /bin/sh;
			shellScript = "if [ \"${CONFIGURATION}\" = \"Debug\" ]; then\n    if which swiftlint > /dev/null; then\n        swiftlint --quiet\n    else\n        echo \"warning: SwiftLint not installed, download it from https://github.com/realm/SwiftLint\"\n    fi\nfi\n";
		};
/* End PBXShellScriptBuildPhase section */

/* Begin PBXSourcesBuildPhase section */
		A102BD391F02355A000C6B38 /* Sources */ = {
			isa = PBXSourcesBuildPhase;
			buildActionMask = 2147483647;
			files = (
				3802E83B2233DCC400BB27A0 /* RoutingInstruction.swift in Sources */,
				387D3436226A2262005C36DE /* RoutingTable.swift in Sources */,
				3821A4502257C92C00BDE28A /* Switchable.swift in Sources */,
				3821A44E2257C91800BDE28A /* Enterable.swift in Sources */,
				3854EA6622342EF300BB9A0C /* RoutingEntry.swift in Sources */,
				3870E6EB2230421E00BB5796 /* RoutingAlgorithm.swift in Sources */,
				3854EA5E22341B3500BB9A0C /* RoutingContext.swift in Sources */,
				3854EA6322341B5F00BB9A0C /* RoutingDestination.swift in Sources */,
				3821A44C2257C90D00BDE28A /* Leavable.swift in Sources */,
				82622C0721CB9C3B00DC9C70 /* Router.swift in Sources */,
				82622C0421CB9C2500DC9C70 /* RoutingTree.swift in Sources */,
				82622BF721CB9BB000DC9C70 /* Routable.swift in Sources */,
				3854EA5A22341B0000BB9A0C /* RoutingIdentifier.swift in Sources */,
				3892B937225A197500D3BDAA /* CollectionExtension.swift in Sources */,
				38C017ED22357F2A000F8B31 /* RoutingNode.swift in Sources */,
				384205512268DEF900098402 /* RoutingInstructions.swift in Sources */,
				38ABA21D223527AE0007C133 /* ArrayExtension.swift in Sources */,
				382F893A2268C1D900B9DCE3 /* RoutingError.swift in Sources */,
			);
			runOnlyForDeploymentPostprocessing = 0;
		};
		A102BD431F02355A000C6B38 /* Sources */ = {
			isa = PBXSourcesBuildPhase;
			buildActionMask = 2147483647;
			files = (
				82EA967A21A308D200EC7EAC /* PortusTests.swift in Sources */,
			);
			runOnlyForDeploymentPostprocessing = 0;
		};
		A102BD741F023582000C6B38 /* Sources */ = {
			isa = PBXSourcesBuildPhase;
			buildActionMask = 2147483647;
			files = (
				3854EA5F22341B3A00BB9A0C /* RoutingContext.swift in Sources */,
				387D3437226A22F9005C36DE /* RoutingTable.swift in Sources */,
				3854EA6722342EFF00BB9A0C /* RoutingEntry.swift in Sources */,
				3813E3AC225BBE7A004C87F5 /* Switchable.swift in Sources */,
				3813E3AB225BBE77004C87F5 /* Enterable.swift in Sources */,
				3870E6EC22304BBF00BB5796 /* RoutingAlgorithm.swift in Sources */,
				82622C0821CB9C3B00DC9C70 /* Router.swift in Sources */,
				3802E83E2233DD4F00BB27A0 /* RoutingInstruction.swift in Sources */,
				3813E3AA225BBE74004C87F5 /* Leavable.swift in Sources */,
				82622C0521CB9C2500DC9C70 /* RoutingTree.swift in Sources */,
				82622BF821CB9BB000DC9C70 /* Routable.swift in Sources */,
				3854EA682234366600BB9A0C /* RoutingDestination.swift in Sources */,
				3854EA6022341B4100BB9A0C /* RoutingIdentifier.swift in Sources */,
				3813E3AD225BBE7E004C87F5 /* CollectionExtension.swift in Sources */,
				38917041223587E600E65114 /* RoutingNode.swift in Sources */,
				384205522268F23700098402 /* RoutingInstructions.swift in Sources */,
				38ABA21F223528780007C133 /* ArrayExtension.swift in Sources */,
				382F893B2268C1E700B9DCE3 /* RoutingError.swift in Sources */,
			);
			runOnlyForDeploymentPostprocessing = 0;
		};
		A102BD7D1F023582000C6B38 /* Sources */ = {
			isa = PBXSourcesBuildPhase;
			buildActionMask = 2147483647;
			files = (
				82EA967C21A308D200EC7EAC /* PortusTests.swift in Sources */,
			);
			runOnlyForDeploymentPostprocessing = 0;
		};
/* End PBXSourcesBuildPhase section */

/* Begin PBXTargetDependency section */
		A102BD4A1F02355A000C6B38 /* PBXTargetDependency */ = {
			isa = PBXTargetDependency;
			target = A102BD3D1F02355A000C6B38 /* Portus iOS */;
			targetProxy = A102BD491F02355A000C6B38 /* PBXContainerItemProxy */;
		};
		A102BD841F023582000C6B38 /* PBXTargetDependency */ = {
			isa = PBXTargetDependency;
			target = A102BD781F023582000C6B38 /* Portus tvOS */;
			targetProxy = A102BD831F023582000C6B38 /* PBXContainerItemProxy */;
		};
/* End PBXTargetDependency section */

/* Begin XCBuildConfiguration section */
		A102BD501F02355A000C6B38 /* Debug */ = {
			isa = XCBuildConfiguration;
			buildSettings = {
				ALWAYS_SEARCH_USER_PATHS = NO;
				CLANG_ANALYZER_NONNULL = YES;
				CLANG_ANALYZER_NUMBER_OBJECT_CONVERSION = YES_AGGRESSIVE;
				CLANG_CXX_LANGUAGE_STANDARD = "gnu++14";
				CLANG_CXX_LIBRARY = "libc++";
				CLANG_ENABLE_MODULES = YES;
				CLANG_ENABLE_OBJC_ARC = YES;
				CLANG_WARN_BLOCK_CAPTURE_AUTORELEASING = YES;
				CLANG_WARN_BOOL_CONVERSION = YES;
				CLANG_WARN_COMMA = YES;
				CLANG_WARN_CONSTANT_CONVERSION = YES;
				CLANG_WARN_DEPRECATED_OBJC_IMPLEMENTATIONS = YES;
				CLANG_WARN_DIRECT_OBJC_ISA_USAGE = YES_ERROR;
				CLANG_WARN_DOCUMENTATION_COMMENTS = YES;
				CLANG_WARN_EMPTY_BODY = YES;
				CLANG_WARN_ENUM_CONVERSION = YES;
				CLANG_WARN_INFINITE_RECURSION = YES;
				CLANG_WARN_INT_CONVERSION = YES;
				CLANG_WARN_NON_LITERAL_NULL_CONVERSION = YES;
				CLANG_WARN_OBJC_IMPLICIT_RETAIN_SELF = YES;
				CLANG_WARN_OBJC_LITERAL_CONVERSION = YES;
				CLANG_WARN_OBJC_ROOT_CLASS = YES_ERROR;
				CLANG_WARN_RANGE_LOOP_ANALYSIS = YES;
				CLANG_WARN_STRICT_PROTOTYPES = YES;
				CLANG_WARN_SUSPICIOUS_MOVE = YES;
				CLANG_WARN_UNGUARDED_AVAILABILITY = YES_AGGRESSIVE;
				CLANG_WARN_UNREACHABLE_CODE = YES;
				CLANG_WARN__DUPLICATE_METHOD_MATCH = YES;
				CODE_SIGN_IDENTITY = "iPhone Developer";
				COPY_PHASE_STRIP = NO;
				CURRENT_PROJECT_VERSION = 1;
				DEBUG_INFORMATION_FORMAT = dwarf;
				DEFINES_MODULE = YES;
				ENABLE_STRICT_OBJC_MSGSEND = YES;
				ENABLE_TESTABILITY = YES;
				GCC_C_LANGUAGE_STANDARD = gnu11;
				GCC_DYNAMIC_NO_PIC = NO;
				GCC_NO_COMMON_BLOCKS = YES;
				GCC_OPTIMIZATION_LEVEL = 0;
				GCC_PREPROCESSOR_DEFINITIONS = (
					"DEBUG=1",
					"$(inherited)",
				);
				GCC_WARN_64_TO_32_BIT_CONVERSION = YES;
				GCC_WARN_ABOUT_RETURN_TYPE = YES_ERROR;
				GCC_WARN_UNDECLARED_SELECTOR = YES;
				GCC_WARN_UNINITIALIZED_AUTOS = YES_AGGRESSIVE;
				GCC_WARN_UNUSED_FUNCTION = YES;
				GCC_WARN_UNUSED_VARIABLE = YES;
				INFOPLIST_FILE = "Sources/Supporting Files/Info.plist";
				IPHONEOS_DEPLOYMENT_TARGET = 8.0;
				MACOSX_DEPLOYMENT_TARGET = 10.10;
				MTL_ENABLE_DEBUG_INFO = YES;
				ONLY_ACTIVE_ARCH = YES;
				PRODUCT_BUNDLE_IDENTIFIER = "com.jamitlabs.$(PRODUCT_NAME:c99extidentifier)";
				PRODUCT_NAME = Portus;
				SDKROOT = iphoneos;
				SWIFT_ACTIVE_COMPILATION_CONDITIONS = DEBUG;
				SWIFT_OPTIMIZATION_LEVEL = "-Onone";
				SWIFT_VERSION = 5.0;
				VERSIONING_SYSTEM = "apple-generic";
				VERSION_INFO_PREFIX = "";
			};
			name = Debug;
		};
		A102BD511F02355A000C6B38 /* Release */ = {
			isa = XCBuildConfiguration;
			buildSettings = {
				ALWAYS_SEARCH_USER_PATHS = NO;
				CLANG_ANALYZER_NONNULL = YES;
				CLANG_ANALYZER_NUMBER_OBJECT_CONVERSION = YES_AGGRESSIVE;
				CLANG_CXX_LANGUAGE_STANDARD = "gnu++14";
				CLANG_CXX_LIBRARY = "libc++";
				CLANG_ENABLE_MODULES = YES;
				CLANG_ENABLE_OBJC_ARC = YES;
				CLANG_WARN_BLOCK_CAPTURE_AUTORELEASING = YES;
				CLANG_WARN_BOOL_CONVERSION = YES;
				CLANG_WARN_COMMA = YES;
				CLANG_WARN_CONSTANT_CONVERSION = YES;
				CLANG_WARN_DEPRECATED_OBJC_IMPLEMENTATIONS = YES;
				CLANG_WARN_DIRECT_OBJC_ISA_USAGE = YES_ERROR;
				CLANG_WARN_DOCUMENTATION_COMMENTS = YES;
				CLANG_WARN_EMPTY_BODY = YES;
				CLANG_WARN_ENUM_CONVERSION = YES;
				CLANG_WARN_INFINITE_RECURSION = YES;
				CLANG_WARN_INT_CONVERSION = YES;
				CLANG_WARN_NON_LITERAL_NULL_CONVERSION = YES;
				CLANG_WARN_OBJC_IMPLICIT_RETAIN_SELF = YES;
				CLANG_WARN_OBJC_LITERAL_CONVERSION = YES;
				CLANG_WARN_OBJC_ROOT_CLASS = YES_ERROR;
				CLANG_WARN_RANGE_LOOP_ANALYSIS = YES;
				CLANG_WARN_STRICT_PROTOTYPES = YES;
				CLANG_WARN_SUSPICIOUS_MOVE = YES;
				CLANG_WARN_UNGUARDED_AVAILABILITY = YES_AGGRESSIVE;
				CLANG_WARN_UNREACHABLE_CODE = YES;
				CLANG_WARN__DUPLICATE_METHOD_MATCH = YES;
				CODE_SIGN_IDENTITY = "iPhone Developer";
				COPY_PHASE_STRIP = NO;
				CURRENT_PROJECT_VERSION = 1;
				DEBUG_INFORMATION_FORMAT = "dwarf-with-dsym";
				DEFINES_MODULE = YES;
				ENABLE_NS_ASSERTIONS = NO;
				ENABLE_STRICT_OBJC_MSGSEND = YES;
				GCC_C_LANGUAGE_STANDARD = gnu11;
				GCC_NO_COMMON_BLOCKS = YES;
				GCC_WARN_64_TO_32_BIT_CONVERSION = YES;
				GCC_WARN_ABOUT_RETURN_TYPE = YES_ERROR;
				GCC_WARN_UNDECLARED_SELECTOR = YES;
				GCC_WARN_UNINITIALIZED_AUTOS = YES_AGGRESSIVE;
				GCC_WARN_UNUSED_FUNCTION = YES;
				GCC_WARN_UNUSED_VARIABLE = YES;
				INFOPLIST_FILE = "Sources/Supporting Files/Info.plist";
				IPHONEOS_DEPLOYMENT_TARGET = 8.0;
				MACOSX_DEPLOYMENT_TARGET = 10.10;
				MTL_ENABLE_DEBUG_INFO = NO;
				PRODUCT_BUNDLE_IDENTIFIER = "com.jamitlabs.$(PRODUCT_NAME:c99extidentifier)";
				PRODUCT_NAME = Portus;
				SDKROOT = iphoneos;
				SWIFT_OPTIMIZATION_LEVEL = "-Owholemodule";
				SWIFT_VERSION = 5.0;
				VALIDATE_PRODUCT = YES;
				VERSIONING_SYSTEM = "apple-generic";
				VERSION_INFO_PREFIX = "";
			};
			name = Release;
		};
		A102BD531F02355A000C6B38 /* Debug */ = {
			isa = XCBuildConfiguration;
			buildSettings = {
				CLANG_ENABLE_MODULES = YES;
				CODE_SIGN_IDENTITY = "";
				"CODE_SIGN_IDENTITY[sdk=iphoneos*]" = "iPhone Developer";
				CODE_SIGN_STYLE = Automatic;
				DEFINES_MODULE = YES;
				DEVELOPMENT_TEAM = DB7EUU9D79;
				DYLIB_COMPATIBILITY_VERSION = 1;
				DYLIB_CURRENT_VERSION = 1;
				DYLIB_INSTALL_NAME_BASE = "@rpath";
				FRAMEWORK_SEARCH_PATHS = "$(inherited)";
				INFOPLIST_FILE = Frameworks/SupportingFiles/Info.plist;
				INSTALL_PATH = "$(LOCAL_LIBRARY_DIR)/Frameworks";
				LD_RUNPATH_SEARCH_PATHS = "$(inherited) @executable_path/Frameworks @loader_path/Frameworks";
				PROVISIONING_PROFILE_SPECIFIER = "";
				SKIP_INSTALL = YES;
				SWIFT_OPTIMIZATION_LEVEL = "-Onone";
				SWIFT_VERSION = 5.0;
				TARGETED_DEVICE_FAMILY = "1,2";
			};
			name = Debug;
		};
		A102BD541F02355A000C6B38 /* Release */ = {
			isa = XCBuildConfiguration;
			buildSettings = {
				CLANG_ENABLE_MODULES = YES;
				CODE_SIGN_IDENTITY = "";
				"CODE_SIGN_IDENTITY[sdk=iphoneos*]" = "iPhone Developer";
				CODE_SIGN_STYLE = Automatic;
				DEFINES_MODULE = YES;
				DEVELOPMENT_TEAM = DB7EUU9D79;
				DYLIB_COMPATIBILITY_VERSION = 1;
				DYLIB_CURRENT_VERSION = 1;
				DYLIB_INSTALL_NAME_BASE = "@rpath";
				FRAMEWORK_SEARCH_PATHS = "$(inherited)";
				INFOPLIST_FILE = Frameworks/SupportingFiles/Info.plist;
				INSTALL_PATH = "$(LOCAL_LIBRARY_DIR)/Frameworks";
				LD_RUNPATH_SEARCH_PATHS = "$(inherited) @executable_path/Frameworks @loader_path/Frameworks";
				PROVISIONING_PROFILE_SPECIFIER = "";
				SKIP_INSTALL = YES;
				SWIFT_VERSION = 5.0;
				TARGETED_DEVICE_FAMILY = "1,2";
			};
			name = Release;
		};
		A102BD561F02355A000C6B38 /* Debug */ = {
			isa = XCBuildConfiguration;
			buildSettings = {
				ALWAYS_EMBED_SWIFT_STANDARD_LIBRARIES = YES;
				"CODE_SIGN_IDENTITY[sdk=iphoneos*]" = "iPhone Developer";
				CODE_SIGN_STYLE = Manual;
				DEVELOPMENT_TEAM = DB7EUU9D79;
				INFOPLIST_FILE = Tests/SupportingFiles/Info.plist;
				LD_RUNPATH_SEARCH_PATHS = "$(inherited) @executable_path/Frameworks @loader_path/Frameworks";
				PRODUCT_BUNDLE_IDENTIFIER = "com.jamitlabs.$(TARGET_NAME:rfc1034identifier)";
				PRODUCT_NAME = "$(TARGET_NAME:rfc1034identifier)";
				PROVISIONING_PROFILE_SPECIFIER = "";
				SWIFT_VERSION = 5.0;
				TARGETED_DEVICE_FAMILY = "1,2";
			};
			name = Debug;
		};
		A102BD571F02355A000C6B38 /* Release */ = {
			isa = XCBuildConfiguration;
			buildSettings = {
				ALWAYS_EMBED_SWIFT_STANDARD_LIBRARIES = YES;
				"CODE_SIGN_IDENTITY[sdk=iphoneos*]" = "iPhone Developer";
				CODE_SIGN_STYLE = Manual;
				DEVELOPMENT_TEAM = DB7EUU9D79;
				INFOPLIST_FILE = Tests/SupportingFiles/Info.plist;
				LD_RUNPATH_SEARCH_PATHS = "$(inherited) @executable_path/Frameworks @loader_path/Frameworks";
				PRODUCT_BUNDLE_IDENTIFIER = "com.jamitlabs.$(TARGET_NAME:rfc1034identifier)";
				PRODUCT_NAME = "$(TARGET_NAME:rfc1034identifier)";
				PROVISIONING_PROFILE_SPECIFIER = "";
				SWIFT_VERSION = 5.0;
				TARGETED_DEVICE_FAMILY = "1,2";
			};
			name = Release;
		};
		A102BD8B1F023582000C6B38 /* Debug */ = {
			isa = XCBuildConfiguration;
			buildSettings = {
				CLANG_ENABLE_MODULES = YES;
				CODE_SIGN_IDENTITY = "";
				"CODE_SIGN_IDENTITY[sdk=appletvos*]" = "iPhone Developer";
				CODE_SIGN_STYLE = Automatic;
				DEFINES_MODULE = YES;
				DEVELOPMENT_TEAM = DB7EUU9D79;
				DYLIB_COMPATIBILITY_VERSION = 1;
				DYLIB_CURRENT_VERSION = 1;
				DYLIB_INSTALL_NAME_BASE = "@rpath";
				FRAMEWORK_SEARCH_PATHS = "$(inherited)";
				INFOPLIST_FILE = Frameworks/SupportingFiles/Info.plist;
				INSTALL_PATH = "$(LOCAL_LIBRARY_DIR)/Frameworks";
				LD_RUNPATH_SEARCH_PATHS = "$(inherited) @executable_path/Frameworks @loader_path/Frameworks";
				PROVISIONING_PROFILE_SPECIFIER = "";
				SDKROOT = appletvos;
				SKIP_INSTALL = YES;
				SWIFT_OPTIMIZATION_LEVEL = "-Onone";
				SWIFT_VERSION = 5.0;
				TARGETED_DEVICE_FAMILY = 3;
				TVOS_DEPLOYMENT_TARGET = 9.0;
			};
			name = Debug;
		};
		A102BD8C1F023582000C6B38 /* Release */ = {
			isa = XCBuildConfiguration;
			buildSettings = {
				CLANG_ENABLE_MODULES = YES;
				CODE_SIGN_IDENTITY = "";
				"CODE_SIGN_IDENTITY[sdk=appletvos*]" = "iPhone Developer";
				CODE_SIGN_STYLE = Automatic;
				DEFINES_MODULE = YES;
				DEVELOPMENT_TEAM = DB7EUU9D79;
				DYLIB_COMPATIBILITY_VERSION = 1;
				DYLIB_CURRENT_VERSION = 1;
				DYLIB_INSTALL_NAME_BASE = "@rpath";
				FRAMEWORK_SEARCH_PATHS = "$(inherited)";
				INFOPLIST_FILE = Frameworks/SupportingFiles/Info.plist;
				INSTALL_PATH = "$(LOCAL_LIBRARY_DIR)/Frameworks";
				LD_RUNPATH_SEARCH_PATHS = "$(inherited) @executable_path/Frameworks @loader_path/Frameworks";
				PROVISIONING_PROFILE_SPECIFIER = "";
				SDKROOT = appletvos;
				SKIP_INSTALL = YES;
				SWIFT_VERSION = 5.0;
				TARGETED_DEVICE_FAMILY = 3;
				TVOS_DEPLOYMENT_TARGET = 9.0;
			};
			name = Release;
		};
		A102BD8E1F023582000C6B38 /* Debug */ = {
			isa = XCBuildConfiguration;
			buildSettings = {
				ALWAYS_EMBED_SWIFT_STANDARD_LIBRARIES = YES;
				DEVELOPMENT_TEAM = DB7EUU9D79;
				INFOPLIST_FILE = Tests/SupportingFiles/Info.plist;
				LD_RUNPATH_SEARCH_PATHS = "$(inherited) @executable_path/Frameworks @loader_path/Frameworks";
				PRODUCT_BUNDLE_IDENTIFIER = "com.jamitlabs.$(TARGET_NAME:rfc1034identifier)";
				PRODUCT_NAME = "$(TARGET_NAME:rfc1034identifier)";
				SDKROOT = appletvos;
				SWIFT_VERSION = 5.0;
				TARGETED_DEVICE_FAMILY = 3;
				TVOS_DEPLOYMENT_TARGET = 11.0;
			};
			name = Debug;
		};
		A102BD8F1F023582000C6B38 /* Release */ = {
			isa = XCBuildConfiguration;
			buildSettings = {
				ALWAYS_EMBED_SWIFT_STANDARD_LIBRARIES = YES;
				DEVELOPMENT_TEAM = DB7EUU9D79;
				INFOPLIST_FILE = Tests/SupportingFiles/Info.plist;
				LD_RUNPATH_SEARCH_PATHS = "$(inherited) @executable_path/Frameworks @loader_path/Frameworks";
				PRODUCT_BUNDLE_IDENTIFIER = "com.jamitlabs.$(TARGET_NAME:rfc1034identifier)";
				PRODUCT_NAME = "$(TARGET_NAME:rfc1034identifier)";
				SDKROOT = appletvos;
				SWIFT_VERSION = 5.0;
				TARGETED_DEVICE_FAMILY = 3;
				TVOS_DEPLOYMENT_TARGET = 11.0;
			};
			name = Release;
		};
/* End XCBuildConfiguration section */

/* Begin XCConfigurationList section */
		A102BD381F02355A000C6B38 /* Build configuration list for PBXProject "Portus" */ = {
			isa = XCConfigurationList;
			buildConfigurations = (
				A102BD501F02355A000C6B38 /* Debug */,
				A102BD511F02355A000C6B38 /* Release */,
			);
			defaultConfigurationIsVisible = 0;
			defaultConfigurationName = Release;
		};
		A102BD521F02355A000C6B38 /* Build configuration list for PBXNativeTarget "Portus iOS" */ = {
			isa = XCConfigurationList;
			buildConfigurations = (
				A102BD531F02355A000C6B38 /* Debug */,
				A102BD541F02355A000C6B38 /* Release */,
			);
			defaultConfigurationIsVisible = 0;
			defaultConfigurationName = Release;
		};
		A102BD551F02355A000C6B38 /* Build configuration list for PBXNativeTarget "Portus iOS Tests" */ = {
			isa = XCConfigurationList;
			buildConfigurations = (
				A102BD561F02355A000C6B38 /* Debug */,
				A102BD571F02355A000C6B38 /* Release */,
			);
			defaultConfigurationIsVisible = 0;
			defaultConfigurationName = Release;
		};
		A102BD8A1F023582000C6B38 /* Build configuration list for PBXNativeTarget "Portus tvOS" */ = {
			isa = XCConfigurationList;
			buildConfigurations = (
				A102BD8B1F023582000C6B38 /* Debug */,
				A102BD8C1F023582000C6B38 /* Release */,
			);
			defaultConfigurationIsVisible = 0;
			defaultConfigurationName = Release;
		};
		A102BD8D1F023582000C6B38 /* Build configuration list for PBXNativeTarget "Portus tvOS Tests" */ = {
			isa = XCConfigurationList;
			buildConfigurations = (
				A102BD8E1F023582000C6B38 /* Debug */,
				A102BD8F1F023582000C6B38 /* Release */,
			);
			defaultConfigurationIsVisible = 0;
			defaultConfigurationName = Release;
		};
/* End XCConfigurationList section */
	};
	rootObject = A102BD351F02355A000C6B38 /* Project object */;
}
